// !$*UTF8*$!
{
	archiveVersion = 1;
	classes = {
	};
	objectVersion = 46;
	objects = {

/* Begin PBXBuildFile section */
		E36BD1581C98270C00B1AF83 /* main.m in Sources */ = {isa = PBXBuildFile; fileRef = E36BD1571C98270C00B1AF83 /* main.m */; };
		E36BD15B1C98270C00B1AF83 /* AppDelegate.m in Sources */ = {isa = PBXBuildFile; fileRef = E36BD15A1C98270C00B1AF83 /* AppDelegate.m */; };
		E36BD15E1C98270C00B1AF83 /* ViewController.m in Sources */ = {isa = PBXBuildFile; fileRef = E36BD15D1C98270C00B1AF83 /* ViewController.m */; };
		E36BD1611C98270C00B1AF83 /* Main.storyboard in Resources */ = {isa = PBXBuildFile; fileRef = E36BD15F1C98270C00B1AF83 /* Main.storyboard */; };
		E36BD1631C98270C00B1AF83 /* Assets.xcassets in Resources */ = {isa = PBXBuildFile; fileRef = E36BD1621C98270C00B1AF83 /* Assets.xcassets */; };
		E36BD1661C98270C00B1AF83 /* LaunchScreen.storyboard in Resources */ = {isa = PBXBuildFile; fileRef = E36BD1641C98270C00B1AF83 /* LaunchScreen.storyboard */; };
		E36BD1711C98270C00B1AF83 /* KTAvoidingEmojiTextTests.m in Sources */ = {isa = PBXBuildFile; fileRef = E36BD1701C98270C00B1AF83 /* KTAvoidingEmojiTextTests.m */; };
		E36BD17C1C98270C00B1AF83 /* KTAvoidingEmojiTextUITests.m in Sources */ = {isa = PBXBuildFile; fileRef = E36BD17B1C98270C00B1AF83 /* KTAvoidingEmojiTextUITests.m */; };
		E36BD18F1C98275300B1AF83 /* KTAvoidingEmojiTextField.m in Sources */ = {isa = PBXBuildFile; fileRef = E36BD18A1C98275300B1AF83 /* KTAvoidingEmojiTextField.m */; };
		E36BD1901C98275300B1AF83 /* KTAvoidingEmojiTextView.m in Sources */ = {isa = PBXBuildFile; fileRef = E36BD18C1C98275300B1AF83 /* KTAvoidingEmojiTextView.m */; };
		E36BD1911C98275300B1AF83 /* NSString+Emoji.m in Sources */ = {isa = PBXBuildFile; fileRef = E36BD18E1C98275300B1AF83 /* NSString+Emoji.m */; };
/* End PBXBuildFile section */

/* Begin PBXContainerItemProxy section */
		E36BD16D1C98270C00B1AF83 /* PBXContainerItemProxy */ = {
			isa = PBXContainerItemProxy;
			containerPortal = E36BD14B1C98270C00B1AF83 /* Project object */;
			proxyType = 1;
			remoteGlobalIDString = E36BD1521C98270C00B1AF83;
			remoteInfo = KTAvoidingEmojiText;
		};
		E36BD1781C98270C00B1AF83 /* PBXContainerItemProxy */ = {
			isa = PBXContainerItemProxy;
			containerPortal = E36BD14B1C98270C00B1AF83 /* Project object */;
			proxyType = 1;
			remoteGlobalIDString = E36BD1521C98270C00B1AF83;
			remoteInfo = KTAvoidingEmojiText;
		};
/* End PBXContainerItemProxy section */

/* Begin PBXFileReference section */
		E36BD1531C98270C00B1AF83 /* KTAvoidingEmojiText.app */ = {isa = PBXFileReference; explicitFileType = wrapper.application; includeInIndex = 0; path = KTAvoidingEmojiText.app; sourceTree = BUILT_PRODUCTS_DIR; };
		E36BD1571C98270C00B1AF83 /* main.m */ = {isa = PBXFileReference; lastKnownFileType = sourcecode.c.objc; path = main.m; sourceTree = "<group>"; };
		E36BD1591C98270C00B1AF83 /* AppDelegate.h */ = {isa = PBXFileReference; lastKnownFileType = sourcecode.c.h; path = AppDelegate.h; sourceTree = "<group>"; };
		E36BD15A1C98270C00B1AF83 /* AppDelegate.m */ = {isa = PBXFileReference; lastKnownFileType = sourcecode.c.objc; path = AppDelegate.m; sourceTree = "<group>"; };
		E36BD15C1C98270C00B1AF83 /* ViewController.h */ = {isa = PBXFileReference; lastKnownFileType = sourcecode.c.h; path = ViewController.h; sourceTree = "<group>"; };
		E36BD15D1C98270C00B1AF83 /* ViewController.m */ = {isa = PBXFileReference; lastKnownFileType = sourcecode.c.objc; path = ViewController.m; sourceTree = "<group>"; };
		E36BD1601C98270C00B1AF83 /* Base */ = {isa = PBXFileReference; lastKnownFileType = file.storyboard; name = Base; path = Base.lproj/Main.storyboard; sourceTree = "<group>"; };
		E36BD1621C98270C00B1AF83 /* Assets.xcassets */ = {isa = PBXFileReference; lastKnownFileType = folder.assetcatalog; path = Assets.xcassets; sourceTree = "<group>"; };
		E36BD1651C98270C00B1AF83 /* Base */ = {isa = PBXFileReference; lastKnownFileType = file.storyboard; name = Base; path = Base.lproj/LaunchScreen.storyboard; sourceTree = "<group>"; };
		E36BD1671C98270C00B1AF83 /* Info.plist */ = {isa = PBXFileReference; lastKnownFileType = text.plist.xml; path = Info.plist; sourceTree = "<group>"; };
		E36BD16C1C98270C00B1AF83 /* KTAvoidingEmojiTextTests.xctest */ = {isa = PBXFileReference; explicitFileType = wrapper.cfbundle; includeInIndex = 0; path = KTAvoidingEmojiTextTests.xctest; sourceTree = BUILT_PRODUCTS_DIR; };
		E36BD1701C98270C00B1AF83 /* KTAvoidingEmojiTextTests.m */ = {isa = PBXFileReference; lastKnownFileType = sourcecode.c.objc; path = KTAvoidingEmojiTextTests.m; sourceTree = "<group>"; };
		E36BD1721C98270C00B1AF83 /* Info.plist */ = {isa = PBXFileReference; lastKnownFileType = text.plist.xml; path = Info.plist; sourceTree = "<group>"; };
		E36BD1771C98270C00B1AF83 /* KTAvoidingEmojiTextUITests.xctest */ = {isa = PBXFileReference; explicitFileType = wrapper.cfbundle; includeInIndex = 0; path = KTAvoidingEmojiTextUITests.xctest; sourceTree = BUILT_PRODUCTS_DIR; };
		E36BD17B1C98270C00B1AF83 /* KTAvoidingEmojiTextUITests.m */ = {isa = PBXFileReference; lastKnownFileType = sourcecode.c.objc; path = KTAvoidingEmojiTextUITests.m; sourceTree = "<group>"; };
		E36BD17D1C98270C00B1AF83 /* Info.plist */ = {isa = PBXFileReference; lastKnownFileType = text.plist.xml; path = Info.plist; sourceTree = "<group>"; };
		E36BD1891C98275300B1AF83 /* KTAvoidingEmojiTextField.h */ = {isa = PBXFileReference; fileEncoding = 4; lastKnownFileType = sourcecode.c.h; path = KTAvoidingEmojiTextField.h; sourceTree = "<group>"; };
		E36BD18A1C98275300B1AF83 /* KTAvoidingEmojiTextField.m */ = {isa = PBXFileReference; fileEncoding = 4; lastKnownFileType = sourcecode.c.objc; path = KTAvoidingEmojiTextField.m; sourceTree = "<group>"; };
		E36BD18B1C98275300B1AF83 /* KTAvoidingEmojiTextView.h */ = {isa = PBXFileReference; fileEncoding = 4; lastKnownFileType = sourcecode.c.h; path = KTAvoidingEmojiTextView.h; sourceTree = "<group>"; };
		E36BD18C1C98275300B1AF83 /* KTAvoidingEmojiTextView.m */ = {isa = PBXFileReference; fileEncoding = 4; lastKnownFileType = sourcecode.c.objc; path = KTAvoidingEmojiTextView.m; sourceTree = "<group>"; };
		E36BD18D1C98275300B1AF83 /* NSString+Emoji.h */ = {isa = PBXFileReference; fileEncoding = 4; lastKnownFileType = sourcecode.c.h; path = "NSString+Emoji.h"; sourceTree = "<group>"; };
		E36BD18E1C98275300B1AF83 /* NSString+Emoji.m */ = {isa = PBXFileReference; fileEncoding = 4; lastKnownFileType = sourcecode.c.objc; path = "NSString+Emoji.m"; sourceTree = "<group>"; };
/* End PBXFileReference section */

/* Begin PBXFrameworksBuildPhase section */
		E36BD1501C98270C00B1AF83 /* Frameworks */ = {
			isa = PBXFrameworksBuildPhase;
			buildActionMask = 2147483647;
			files = (
			);
			runOnlyForDeploymentPostprocessing = 0;
		};
		E36BD1691C98270C00B1AF83 /* Frameworks */ = {
			isa = PBXFrameworksBuildPhase;
			buildActionMask = 2147483647;
			files = (
			);
			runOnlyForDeploymentPostprocessing = 0;
		};
		E36BD1741C98270C00B1AF83 /* Frameworks */ = {
			isa = PBXFrameworksBuildPhase;
			buildActionMask = 2147483647;
			files = (
			);
			runOnlyForDeploymentPostprocessing = 0;
		};
/* End PBXFrameworksBuildPhase section */

/* Begin PBXGroup section */
		E36BD14A1C98270C00B1AF83 = {
			isa = PBXGroup;
			children = (
				E36BD1891C98275300B1AF83 /* KTAvoidingEmojiTextField.h */,
				E36BD18A1C98275300B1AF83 /* KTAvoidingEmojiTextField.m */,
				E36BD18B1C98275300B1AF83 /* KTAvoidingEmojiTextView.h */,
				E36BD18C1C98275300B1AF83 /* KTAvoidingEmojiTextView.m */,
				E36BD18D1C98275300B1AF83 /* NSString+Emoji.h */,
				E36BD18E1C98275300B1AF83 /* NSString+Emoji.m */,
				E36BD1551C98270C00B1AF83 /* KTAvoidingEmojiText */,
				E36BD16F1C98270C00B1AF83 /* KTAvoidingEmojiTextTests */,
				E36BD17A1C98270C00B1AF83 /* KTAvoidingEmojiTextUITests */,
				E36BD1541C98270C00B1AF83 /* Products */,
			);
			sourceTree = "<group>";
		};
		E36BD1541C98270C00B1AF83 /* Products */ = {
			isa = PBXGroup;
			children = (
				E36BD1531C98270C00B1AF83 /* KTAvoidingEmojiText.app */,
				E36BD16C1C98270C00B1AF83 /* KTAvoidingEmojiTextTests.xctest */,
				E36BD1771C98270C00B1AF83 /* KTAvoidingEmojiTextUITests.xctest */,
			);
			name = Products;
			sourceTree = "<group>";
		};
		E36BD1551C98270C00B1AF83 /* KTAvoidingEmojiText */ = {
			isa = PBXGroup;
			children = (
				E36BD1591C98270C00B1AF83 /* AppDelegate.h */,
				E36BD15A1C98270C00B1AF83 /* AppDelegate.m */,
				E36BD15C1C98270C00B1AF83 /* ViewController.h */,
				E36BD15D1C98270C00B1AF83 /* ViewController.m */,
				E36BD15F1C98270C00B1AF83 /* Main.storyboard */,
				E36BD1621C98270C00B1AF83 /* Assets.xcassets */,
				E36BD1641C98270C00B1AF83 /* LaunchScreen.storyboard */,
				E36BD1671C98270C00B1AF83 /* Info.plist */,
				E36BD1561C98270C00B1AF83 /* Supporting Files */,
			);
			path = KTAvoidingEmojiText;
			sourceTree = "<group>";
		};
		E36BD1561C98270C00B1AF83 /* Supporting Files */ = {
			isa = PBXGroup;
			children = (
				E36BD1571C98270C00B1AF83 /* main.m */,
			);
			name = "Supporting Files";
			sourceTree = "<group>";
		};
		E36BD16F1C98270C00B1AF83 /* KTAvoidingEmojiTextTests */ = {
			isa = PBXGroup;
			children = (
				E36BD1701C98270C00B1AF83 /* KTAvoidingEmojiTextTests.m */,
				E36BD1721C98270C00B1AF83 /* Info.plist */,
			);
			path = KTAvoidingEmojiTextTests;
			sourceTree = "<group>";
		};
		E36BD17A1C98270C00B1AF83 /* KTAvoidingEmojiTextUITests */ = {
			isa = PBXGroup;
			children = (
				E36BD17B1C98270C00B1AF83 /* KTAvoidingEmojiTextUITests.m */,
				E36BD17D1C98270C00B1AF83 /* Info.plist */,
			);
			path = KTAvoidingEmojiTextUITests;
			sourceTree = "<group>";
		};
/* End PBXGroup section */

/* Begin PBXNativeTarget section */
		E36BD1521C98270C00B1AF83 /* KTAvoidingEmojiText */ = {
			isa = PBXNativeTarget;
			buildConfigurationList = E36BD1801C98270C00B1AF83 /* Build configuration list for PBXNativeTarget "KTAvoidingEmojiText" */;
			buildPhases = (
				E36BD14F1C98270C00B1AF83 /* Sources */,
				E36BD1501C98270C00B1AF83 /* Frameworks */,
				E36BD1511C98270C00B1AF83 /* Resources */,
			);
			buildRules = (
			);
			dependencies = (
			);
			name = KTAvoidingEmojiText;
			productName = KTAvoidingEmojiText;
			productReference = E36BD1531C98270C00B1AF83 /* KTAvoidingEmojiText.app */;
			productType = "com.apple.product-type.application";
		};
		E36BD16B1C98270C00B1AF83 /* KTAvoidingEmojiTextTests */ = {
			isa = PBXNativeTarget;
			buildConfigurationList = E36BD1831C98270C00B1AF83 /* Build configuration list for PBXNativeTarget "KTAvoidingEmojiTextTests" */;
			buildPhases = (
				E36BD1681C98270C00B1AF83 /* Sources */,
				E36BD1691C98270C00B1AF83 /* Frameworks */,
				E36BD16A1C98270C00B1AF83 /* Resources */,
			);
			buildRules = (
			);
			dependencies = (
				E36BD16E1C98270C00B1AF83 /* PBXTargetDependency */,
			);
			name = KTAvoidingEmojiTextTests;
			productName = KTAvoidingEmojiTextTests;
			productReference = E36BD16C1C98270C00B1AF83 /* KTAvoidingEmojiTextTests.xctest */;
			productType = "com.apple.product-type.bundle.unit-test";
		};
		E36BD1761C98270C00B1AF83 /* KTAvoidingEmojiTextUITests */ = {
			isa = PBXNativeTarget;
			buildConfigurationList = E36BD1861C98270C00B1AF83 /* Build configuration list for PBXNativeTarget "KTAvoidingEmojiTextUITests" */;
			buildPhases = (
				E36BD1731C98270C00B1AF83 /* Sources */,
				E36BD1741C98270C00B1AF83 /* Frameworks */,
				E36BD1751C98270C00B1AF83 /* Resources */,
			);
			buildRules = (
			);
			dependencies = (
				E36BD1791C98270C00B1AF83 /* PBXTargetDependency */,
			);
			name = KTAvoidingEmojiTextUITests;
			productName = KTAvoidingEmojiTextUITests;
			productReference = E36BD1771C98270C00B1AF83 /* KTAvoidingEmojiTextUITests.xctest */;
			productType = "com.apple.product-type.bundle.ui-testing";
		};
/* End PBXNativeTarget section */

/* Begin PBXProject section */
		E36BD14B1C98270C00B1AF83 /* Project object */ = {
			isa = PBXProject;
			attributes = {
				LastUpgradeCheck = 0720;
				ORGANIZATIONNAME = tujinqiu;
				TargetAttributes = {
					E36BD1521C98270C00B1AF83 = {
						CreatedOnToolsVersion = 7.2.1;
					};
					E36BD16B1C98270C00B1AF83 = {
						CreatedOnToolsVersion = 7.2.1;
						TestTargetID = E36BD1521C98270C00B1AF83;
					};
					E36BD1761C98270C00B1AF83 = {
						CreatedOnToolsVersion = 7.2.1;
						TestTargetID = E36BD1521C98270C00B1AF83;
					};
				};
			};
			buildConfigurationList = E36BD14E1C98270C00B1AF83 /* Build configuration list for PBXProject "KTAvoidingEmojiText" */;
			compatibilityVersion = "Xcode 3.2";
			developmentRegion = English;
			hasScannedForEncodings = 0;
			knownRegions = (
				en,
				Base,
			);
			mainGroup = E36BD14A1C98270C00B1AF83;
			productRefGroup = E36BD1541C98270C00B1AF83 /* Products */;
			projectDirPath = "";
			projectRoot = "";
			targets = (
				E36BD1521C98270C00B1AF83 /* KTAvoidingEmojiText */,
				E36BD16B1C98270C00B1AF83 /* KTAvoidingEmojiTextTests */,
				E36BD1761C98270C00B1AF83 /* KTAvoidingEmojiTextUITests */,
			);
		};
/* End PBXProject section */

/* Begin PBXResourcesBuildPhase section */
		E36BD1511C98270C00B1AF83 /* Resources */ = {
			isa = PBXResourcesBuildPhase;
			buildActionMask = 2147483647;
			files = (
				E36BD1661C98270C00B1AF83 /* LaunchScreen.storyboard in Resources */,
				E36BD1631C98270C00B1AF83 /* Assets.xcassets in Resources */,
				E36BD1611C98270C00B1AF83 /* Main.storyboard in Resources */,
			);
			runOnlyForDeploymentPostprocessing = 0;
		};
		E36BD16A1C98270C00B1AF83 /* Resources */ = {
			isa = PBXResourcesBuildPhase;
			buildActionMask = 2147483647;
			files = (
			);
			runOnlyForDeploymentPostprocessing = 0;
		};
		E36BD1751C98270C00B1AF83 /* Resources */ = {
			isa = PBXResourcesBuildPhase;
			buildActionMask = 2147483647;
			files = (
			);
			runOnlyForDeploymentPostprocessing = 0;
		};
/* End PBXResourcesBuildPhase section */

/* Begin PBXSourcesBuildPhase section */
		E36BD14F1C98270C00B1AF83 /* Sources */ = {
			isa = PBXSourcesBuildPhase;
			buildActionMask = 2147483647;
			files = (
				E36BD1911C98275300B1AF83 /* NSString+Emoji.m in Sources */,
				E36BD15E1C98270C00B1AF83 /* ViewController.m in Sources */,
				E36BD1901C98275300B1AF83 /* KTAvoidingEmojiTextView.m in Sources */,
				E36BD15B1C98270C00B1AF83 /* AppDelegate.m in Sources */,
				E36BD18F1C98275300B1AF83 /* KTAvoidingEmojiTextField.m in Sources */,
				E36BD1581C98270C00B1AF83 /* main.m in Sources */,
			);
			runOnlyForDeploymentPostprocessing = 0;
		};
		E36BD1681C98270C00B1AF83 /* Sources */ = {
			isa = PBXSourcesBuildPhase;
			buildActionMask = 2147483647;
			files = (
				E36BD1711C98270C00B1AF83 /* KTAvoidingEmojiTextTests.m in Sources */,
			);
			runOnlyForDeploymentPostprocessing = 0;
		};
		E36BD1731C98270C00B1AF83 /* Sources */ = {
			isa = PBXSourcesBuildPhase;
			buildActionMask = 2147483647;
			files = (
				E36BD17C1C98270C00B1AF83 /* KTAvoidingEmojiTextUITests.m in Sources */,
			);
			runOnlyForDeploymentPostprocessing = 0;
		};
/* End PBXSourcesBuildPhase section */

/* Begin PBXTargetDependency section */
		E36BD16E1C98270C00B1AF83 /* PBXTargetDependency */ = {
			isa = PBXTargetDependency;
			target = E36BD1521C98270C00B1AF83 /* KTAvoidingEmojiText */;
			targetProxy = E36BD16D1C98270C00B1AF83 /* PBXContainerItemProxy */;
		};
		E36BD1791C98270C00B1AF83 /* PBXTargetDependency */ = {
			isa = PBXTargetDependency;
			target = E36BD1521C98270C00B1AF83 /* KTAvoidingEmojiText */;
			targetProxy = E36BD1781C98270C00B1AF83 /* PBXContainerItemProxy */;
		};
/* End PBXTargetDependency section */

/* Begin PBXVariantGroup section */
		E36BD15F1C98270C00B1AF83 /* Main.storyboard */ = {
			isa = PBXVariantGroup;
			children = (
				E36BD1601C98270C00B1AF83 /* Base */,
			);
			name = Main.storyboard;
			sourceTree = "<group>";
		};
		E36BD1641C98270C00B1AF83 /* LaunchScreen.storyboard */ = {
			isa = PBXVariantGroup;
			children = (
				E36BD1651C98270C00B1AF83 /* Base */,
			);
			name = LaunchScreen.storyboard;
			sourceTree = "<group>";
		};
/* End PBXVariantGroup section */

/* Begin XCBuildConfiguration section */
		E36BD17E1C98270C00B1AF83 /* Debug */ = {
			isa = XCBuildConfiguration;
			buildSettings = {
				ALWAYS_SEARCH_USER_PATHS = NO;
				CLANG_CXX_LANGUAGE_STANDARD = "gnu++0x";
				CLANG_CXX_LIBRARY = "libc++";
				CLANG_ENABLE_MODULES = YES;
				CLANG_ENABLE_OBJC_ARC = YES;
				CLANG_WARN_BOOL_CONVERSION = YES;
				CLANG_WARN_CONSTANT_CONVERSION = YES;
				CLANG_WARN_DIRECT_OBJC_ISA_USAGE = YES_ERROR;
				CLANG_WARN_EMPTY_BODY = YES;
				CLANG_WARN_ENUM_CONVERSION = YES;
				CLANG_WARN_INT_CONVERSION = YES;
				CLANG_WARN_OBJC_ROOT_CLASS = YES_ERROR;
				CLANG_WARN_UNREACHABLE_CODE = YES;
				CLANG_WARN__DUPLICATE_METHOD_MATCH = YES;
				"CODE_SIGN_IDENTITY[sdk=iphoneos*]" = "iPhone Developer";
				COPY_PHASE_STRIP = NO;
				DEBUG_INFORMATION_FORMAT = dwarf;
				ENABLE_STRICT_OBJC_MSGSEND = YES;
				ENABLE_TESTABILITY = YES;
				GCC_C_LANGUAGE_STANDARD = gnu99;
				GCC_DYNAMIC_NO_PIC = NO;
				GCC_NO_COMMON_BLOCKS = YES;
				GCC_OPTIMIZATION_LEVEL = 0;
				GCC_PREPROCESSOR_DEFINITIONS = (
					"DEBUG=1",
					"$(inherited)",
				);
				GCC_WARN_64_TO_32_BIT_CONVERSION = YES;
				GCC_WARN_ABOUT_RETURN_TYPE = YES_ERROR;
				GCC_WARN_UNDECLARED_SELECTOR = YES;
				GCC_WARN_UNINITIALIZED_AUTOS = YES_AGGRESSIVE;
				GCC_WARN_UNUSED_FUNCTION = YES;
				GCC_WARN_UNUSED_VARIABLE = YES;
				IPHONEOS_DEPLOYMENT_TARGET = 9.2;
				MTL_ENABLE_DEBUG_INFO = YES;
				ONLY_ACTIVE_ARCH = YES;
				SDKROOT = iphoneos;
				TARGETED_DEVICE_FAMILY = "1,2";
			};
			name = Debug;
		};
		E36BD17F1C98270C00B1AF83 /* Release */ = {
			isa = XCBuildConfiguration;
			buildSettings = {
				ALWAYS_SEARCH_USER_PATHS = NO;
				CLANG_CXX_LANGUAGE_STANDARD = "gnu++0x";
				CLANG_CXX_LIBRARY = "libc++";
				CLANG_ENABLE_MODULES = YES;
				CLANG_ENABLE_OBJC_ARC = YES;
				CLANG_WARN_BOOL_CONVERSION = YES;
				CLANG_WARN_CONSTANT_CONVERSION = YES;
				CLANG_WARN_DIRECT_OBJC_ISA_USAGE = YES_ERROR;
				CLANG_WARN_EMPTY_BODY = YES;
				CLANG_WARN_ENUM_CONVERSION = YES;
				CLANG_WARN_INT_CONVERSION = YES;
				CLANG_WARN_OBJC_ROOT_CLASS = YES_ERROR;
				CLANG_WARN_UNREACHABLE_CODE = YES;
				CLANG_WARN__DUPLICATE_METHOD_MATCH = YES;
				"CODE_SIGN_IDENTITY[sdk=iphoneos*]" = "iPhone Developer";
				COPY_PHASE_STRIP = NO;
				DEBUG_INFORMATION_FORMAT = "dwarf-with-dsym";
				ENABLE_NS_ASSERTIONS = NO;
				ENABLE_STRICT_OBJC_MSGSEND = YES;
				GCC_C_LANGUAGE_STANDARD = gnu99;
				GCC_NO_COMMON_BLOCKS = YES;
				GCC_WARN_64_TO_32_BIT_CONVERSION = YES;
				GCC_WARN_ABOUT_RETURN_TYPE = YES_ERROR;
				GCC_WARN_UNDECLARED_SELECTOR = YES;
				GCC_WARN_UNINITIALIZED_AUTOS = YES_AGGRESSIVE;
				GCC_WARN_UNUSED_FUNCTION = YES;
				GCC_WARN_UNUSED_VARIABLE = YES;
				IPHONEOS_DEPLOYMENT_TARGET = 9.2;
				MTL_ENABLE_DEBUG_INFO = NO;
				SDKROOT = iphoneos;
				TARGETED_DEVICE_FAMILY = "1,2";
				VALIDATE_PRODUCT = YES;
			};
			name = Release;
		};
		E36BD1811C98270C00B1AF83 /* Debug */ = {
			isa = XCBuildConfiguration;
			buildSettings = {
				ASSETCATALOG_COMPILER_APPICON_NAME = AppIcon;
				INFOPLIST_FILE = KTAvoidingEmojiText/Info.plist;
				LD_RUNPATH_SEARCH_PATHS = "$(inherited) @executable_path/Frameworks";
				PRODUCT_BUNDLE_IDENTIFIER = LT.KTAvoidingEmojiText;
				PRODUCT_NAME = "$(TARGET_NAME)";
			};
			name = Debug;
		};
		E36BD1821C98270C00B1AF83 /* Release */ = {
			isa = XCBuildConfiguration;
			buildSettings = {
				ASSETCATALOG_COMPILER_APPICON_NAME = AppIcon;
				INFOPLIST_FILE = KTAvoidingEmojiText/Info.plist;
				LD_RUNPATH_SEARCH_PATHS = "$(inherited) @executable_path/Frameworks";
				PRODUCT_BUNDLE_IDENTIFIER = LT.KTAvoidingEmojiText;
				PRODUCT_NAME = "$(TARGET_NAME)";
			};
			name = Release;
		};
		E36BD1841C98270C00B1AF83 /* Debug */ = {
			isa = XCBuildConfiguration;
			buildSettings = {
				BUNDLE_LOADER = "$(TEST_HOST)";
				INFOPLIST_FILE = KTAvoidingEmojiTextTests/Info.plist;
				LD_RUNPATH_SEARCH_PATHS = "$(inherited) @executable_path/Frameworks @loader_path/Frameworks";
				PRODUCT_BUNDLE_IDENTIFIER = LT.KTAvoidingEmojiTextTests;
				PRODUCT_NAME = "$(TARGET_NAME)";
				TEST_HOST = "$(BUILT_PRODUCTS_DIR)/KTAvoidingEmojiText.app/KTAvoidingEmojiText";
			};
			name = Debug;
		};
		E36BD1851C98270C00B1AF83 /* Release */ = {
			isa = XCBuildConfiguration;
			buildSettings = {
				BUNDLE_LOADER = "$(TEST_HOST)";
				INFOPLIST_FILE = KTAvoidingEmojiTextTests/Info.plist;
				LD_RUNPATH_SEARCH_PATHS = "$(inherited) @executable_path/Frameworks @loader_path/Frameworks";
				PRODUCT_BUNDLE_IDENTIFIER = LT.KTAvoidingEmojiTextTests;
				PRODUCT_NAME = "$(TARGET_NAME)";
				TEST_HOST = "$(BUILT_PRODUCTS_DIR)/KTAvoidingEmojiText.app/KTAvoidingEmojiText";
			};
			name = Release;
		};
		E36BD1871C98270C00B1AF83 /* Debug */ = {
			isa = XCBuildConfiguration;
			buildSettings = {
				INFOPLIST_FILE = KTAvoidingEmojiTextUITests/Info.plist;
				LD_RUNPATH_SEARCH_PATHS = "$(inherited) @executable_path/Frameworks @loader_path/Frameworks";
				PRODUCT_BUNDLE_IDENTIFIER = LT.KTAvoidingEmojiTextUITests;
				PRODUCT_NAME = "$(TARGET_NAME)";
				TEST_TARGET_NAME = KTAvoidingEmojiText;
				USES_XCTRUNNER = YES;
			};
			name = Debug;
		};
		E36BD1881C98270C00B1AF83 /* Release */ = {
			isa = XCBuildConfiguration;
			buildSettings = {
				INFOPLIST_FILE = KTAvoidingEmojiTextUITests/Info.plist;
				LD_RUNPATH_SEARCH_PATHS = "$(inherited) @executable_path/Frameworks @loader_path/Frameworks";
				PRODUCT_BUNDLE_IDENTIFIER = LT.KTAvoidingEmojiTextUITests;
				PRODUCT_NAME = "$(TARGET_NAME)";
				TEST_TARGET_NAME = KTAvoidingEmojiText;
				USES_XCTRUNNER = YES;
			};
			name = Release;
		};
/* End XCBuildConfiguration section */

/* Begin XCConfigurationList section */
		E36BD14E1C98270C00B1AF83 /* Build configuration list for PBXProject "KTAvoidingEmojiText" */ = {
			isa = XCConfigurationList;
			buildConfigurations = (
				E36BD17E1C98270C00B1AF83 /* Debug */,
				E36BD17F1C98270C00B1AF83 /* Release */,
			);
			defaultConfigurationIsVisible = 0;
			defaultConfigurationName = Release;
		};
		E36BD1801C98270C00B1AF83 /* Build configuration list for PBXNativeTarget "KTAvoidingEmojiText" */ = {
			isa = XCConfigurationList;
			buildConfigurations = (
				E36BD1811C98270C00B1AF83 /* Debug */,
				E36BD1821C98270C00B1AF83 /* Release */,
			);
			defaultConfigurationIsVisible = 0;
		};
		E36BD1831C98270C00B1AF83 /* Build configuration list for PBXNativeTarget "KTAvoidingEmojiTextTests" */ = {
			isa = XCConfigurationList;
			buildConfigurations = (
				E36BD1841C98270C00B1AF83 /* Debug */,
				E36BD1851C98270C00B1AF83 /* Release */,
			);
			defaultConfigurationIsVisible = 0;
		};
		E36BD1861C98270C00B1AF83 /* Build configuration list for PBXNativeTarget "KTAvoidingEmojiTextUITests" */ = {
			isa = XCConfigurationList;
			buildConfigurations = (
				E36BD1871C98270C00B1AF83 /* Debug */,
				E36BD1881C98270C00B1AF83 /* Release */,
			);
			defaultConfigurationIsVisible = 0;
		};
/* End XCConfigurationList section */
	};
	rootObject = E36BD14B1C98270C00B1AF83 /* Project object */;
}
